
Microsoft Visual Studio Solution File, Format Version 12.00
Project("{FAE04EC0-301F-11D3-BF4B-00C04F79EFBC}") = "play_with_code", "play_with_code.csproj", "{9313FC43-BA9B-46A5-9AC8-D3E5901C1C38}"
EndProject
Global
	GlobalSection(SolutionConfigurationPlatforms) = preSolution
		Debug|Any CPU = Debug|Any CPU
		Release|Any CPU = Release|Any CPU
	EndGlobalSection
	GlobalSection(ProjectConfigurationPlatforms) = postSolution
		{9313FC43-BA9B-46A5-9AC8-D3E5901C1C38}.Debug|Any CPU.ActiveCfg = Debug|Any CPU
		{9313FC43-BA9B-46A5-9AC8-D3E5901C1C38}.Debug|Any CPU.Build.0 = Debug|Any CPU
		{9313FC43-BA9B-46A5-9AC8-D3E5901C1C38}.Release|Any CPU.ActiveCfg = Release|Any CPU
		{9313FC43-BA9B-46A5-9AC8-D3E5901C1C38}.Release|Any CPU.Build.0 = Release|Any CPU
	EndGlobalSection
EndGlobal
